{
  "nodes": {
    "crane": {
      "locked": {
        "lastModified": 1757183466,
        "narHash": "sha256-kTdCCMuRE+/HNHES5JYsbRHmgtr+l9mOtf5dpcMppVc=",
        "owner": "ipetkov",
        "repo": "crane",
        "rev": "d599ae4847e7f87603e7082d73ca673aa93c916d",
        "type": "github"
      },
      "original": {
        "owner": "ipetkov",
        "repo": "crane",
        "type": "github"
      }
    },
    "flake-parts": {
      "inputs": {
        "nixpkgs-lib": "nixpkgs-lib"
      },
      "locked": {
        "lastModified": 1756770412,
        "narHash": "sha256-+uWLQZccFHwqpGqr2Yt5VsW/PbeJVTn9Dk6SHWhNRPw=",
        "owner": "hercules-ci",
        "repo": "flake-parts",
        "rev": "4524271976b625a4a605beefd893f270620fd751",
        "type": "github"
      },
      "original": {
        "owner": "hercules-ci",
        "repo": "flake-parts",
        "type": "github"
      }
    },
    "nixpkgs": {
      "locked": {
        "lastModified": 1758053538,
        "narHash": "sha256-Yhfe49+VFN0q7JX4fRg2n2DvrWjTWez1mDvYgtsGgUw=",
        "owner": "NixOS",
        "repo": "nixpkgs",
        "rev": "2cfc34bb0eeebaad55c0646877a2bd171847d407",
        "type": "github"
      },
      "original": {
        "owner": "NixOS",
        "ref": "release-25.05",
        "repo": "nixpkgs",
        "type": "github"
      }
    },
    "nixpkgs-lib": {
      "locked": {
        "lastModified": 1754788789,
        "narHash": "sha256-x2rJ+Ovzq0sCMpgfgGaaqgBSwY+LST+WbZ6TytnT9Rk=",
        "owner": "nix-community",
        "repo": "nixpkgs.lib",
        "rev": "a73b9c743612e4244d865a2fdee11865283c04e6",
        "type": "github"
      },
      "original": {
        "owner": "nix-community",
        "repo": "nixpkgs.lib",
        "type": "github"
      }
    },
    "root": {
      "inputs": {
        "crane": "crane",
        "flake-parts": "flake-parts",
        "nixpkgs": "nixpkgs",
        "rust-overlay": "rust-overlay"
      }
    },
    "rust-overlay": {
      "inputs": {
        "nixpkgs": [
          "nixpkgs"
        ]
      },
      "locked": {
        "lastModified": 1749004659,
        "narHash": "sha256-zaZrcC5UwHPGkgfnhTPx5sZfSSnUJdvYHhgex10RadQ=",
        "owner": "oxalica",
        "repo": "rust-overlay",
        "rev": "c52e346aedfa745564599558a096e88f9a5557f9",
        "type": "github"
      },
      "original": {
        "owner": "oxalica",
        "repo": "rust-overlay",
        "type": "github"
      }
    }
  },
  "root": "root",
  "version": 7
}
